
Microsoft Visual Studio Solution File, Format Version 12.00
# Visual Studio 15
VisualStudioVersion = 15.0.27428.2037
MinimumVisualStudioVersion = 10.0.40219.1
Project("{9A19103F-16F7-4668-BE54-9A1E7A4F7556}") = "Blackjack", "Blackjack\Blackjack.csproj", "{9933EC7A-A24A-4DD7-BF3F-1875E44499F0}"
EndProject
Project("{FAE04EC0-301F-11D3-BF4B-00C04F79EFBC}") = "BlackjackTests", "BlackjackTests\BlackjackTests.csproj", "{0C081EF1-51C7-4096-8E8F-F9C872F1B69D}"
EndProject
Global
	GlobalSection(SolutionConfigurationPlatforms) = preSolution
		Debug|Any CPU = Debug|Any CPU
		Release|Any CPU = Release|Any CPU
	EndGlobalSection
	GlobalSection(ProjectConfigurationPlatforms) = postSolution
		{9933EC7A-A24A-4DD7-BF3F-1875E44499F0}.Debug|Any CPU.ActiveCfg = Debug|Any CPU
		{9933EC7A-A24A-4DD7-BF3F-1875E44499F0}.Debug|Any CPU.Build.0 = Debug|Any CPU
		{9933EC7A-A24A-4DD7-BF3F-1875E44499F0}.Release|Any CPU.ActiveCfg = Release|Any CPU
		{9933EC7A-A24A-4DD7-BF3F-1875E44499F0}.Release|Any CPU.Build.0 = Release|Any CPU
		{0C081EF1-51C7-4096-8E8F-F9C872F1B69D}.Debug|Any CPU.ActiveCfg = Debug|Any CPU
		{0C081EF1-51C7-4096-8E8F-F9C872F1B69D}.Debug|Any CPU.Build.0 = Debug|Any CPU
		{0C081EF1-51C7-4096-8E8F-F9C872F1B69D}.Release|Any CPU.ActiveCfg = Release|Any CPU
		{0C081EF1-51C7-4096-8E8F-F9C872F1B69D}.Release|Any CPU.Build.0 = Release|Any CPU
	EndGlobalSection
	GlobalSection(SolutionProperties) = preSolution
		HideSolutionNode = FALSE
	EndGlobalSection
	GlobalSection(ExtensibilityGlobals) = postSolution
		SolutionGuid = {862A494E-4C7F-4B32-ABB2-44F71DAB137E}
	EndGlobalSection
EndGlobal
